# This file is automatically @generated by Cargo.
# It is not intended for manual editing.
version = 4

[[package]]
name = "nl-ast"
version = "0.1.0"

[[package]]
name = "nl-codegen"
version = "0.1.0"
dependencies = [
 "nl-ast",
]

[[package]]
name = "nl-driver"
version = "0.1.0"
dependencies = [
 "nl-codegen",
 "nl-lexer",
 "nl-parser",
 "nl-semantic",
]

[[package]]
name = "nl-lexer"
version = "0.1.0"

[[package]]
name = "nl-parser"
version = "0.1.0"
dependencies = [
 "nl-ast",
 "nl-lexer",
]

[[package]]
name = "nl-semantic"
version = "0.1.0"
dependencies = [
 "nl-ast",
]
